// !$*UTF8*$!
{
	archiveVersion = 1;
	classes = {
	};
	objectVersion = 46;
	objects = {

/* Begin PBXBuildFile section */
		5A56567E19EACB6A00C98DB3 /* TTTAttributedLabel.m in Sources */ = {isa = PBXBuildFile; fileRef = 5A56567D19EACB6A00C98DB3 /* TTTAttributedLabel.m */; };
		5A56568219EAD0F100C98DB3 /* MCSwipeTableViewCell.m in Sources */ = {isa = PBXBuildFile; fileRef = 5A56568119EAD0F100C98DB3 /* MCSwipeTableViewCell.m */; };
		5A56568819EAF65900C98DB3 /* DACircularProgressView.m in Sources */ = {isa = PBXBuildFile; fileRef = 5A56568519EAF65900C98DB3 /* DACircularProgressView.m */; };
		5A56568919EAF65900C98DB3 /* DALabeledCircularProgressView.m in Sources */ = {isa = PBXBuildFile; fileRef = 5A56568719EAF65900C98DB3 /* DALabeledCircularProgressView.m */; };
		5A61EA9419E774A500CC7A69 /* main.m in Sources */ = {isa = PBXBuildFile; fileRef = 5A61EA9319E774A500CC7A69 /* main.m */; };
		5A61EA9719E774A500CC7A69 /* AppDelegate.m in Sources */ = {isa = PBXBuildFile; fileRef = 5A61EA9619E774A500CC7A69 /* AppDelegate.m */; };
		5A61EA9A19E774A500CC7A69 /* ViewController.m in Sources */ = {isa = PBXBuildFile; fileRef = 5A61EA9919E774A500CC7A69 /* ViewController.m */; };
		5A61EA9D19E774A500CC7A69 /* Main.storyboard in Resources */ = {isa = PBXBuildFile; fileRef = 5A61EA9B19E774A500CC7A69 /* Main.storyboard */; };
		5A61EA9F19E774A500CC7A69 /* Images.xcassets in Resources */ = {isa = PBXBuildFile; fileRef = 5A61EA9E19E774A500CC7A69 /* Images.xcassets */; };
		5A61EAA219E774A500CC7A69 /* LaunchScreen.xib in Resources */ = {isa = PBXBuildFile; fileRef = 5A61EAA019E774A500CC7A69 /* LaunchScreen.xib */; };
		5A61EAAE19E774A500CC7A69 /* Keyboard_TestTests.m in Sources */ = {isa = PBXBuildFile; fileRef = 5A61EAAD19E774A500CC7A69 /* Keyboard_TestTests.m */; };
		5A61EAB919E7770D00CC7A69 /* KBInteractiveTextView.m in Sources */ = {isa = PBXBuildFile; fileRef = 5A61EAB819E7770D00CC7A69 /* KBInteractiveTextView.m */; };
		5A61EABC19E8E8DB00CC7A69 /* INChatImageTableViewCell.m in Sources */ = {isa = PBXBuildFile; fileRef = 5A61EABB19E8E8DB00CC7A69 /* INChatImageTableViewCell.m */; };
		5A61EAC019EA40DF00CC7A69 /* MediaPlayer.framework in Frameworks */ = {isa = PBXBuildFile; fileRef = 5A61EABF19EA40DF00CC7A69 /* MediaPlayer.framework */; };
		5A61EAC319EA411F00CC7A69 /* INVideoTableViewCell.m in Sources */ = {isa = PBXBuildFile; fileRef = 5A61EAC219EA411F00CC7A69 /* INVideoTableViewCell.m */; };
		5A61EAC619EA47C700CC7A69 /* beach.mp4 in Resources */ = {isa = PBXBuildFile; fileRef = 5A61EAC519EA47C700CC7A69 /* beach.mp4 */; };
		5A61EAC919EA58E200CC7A69 /* INMotherChatTableViewCell.m in Sources */ = {isa = PBXBuildFile; fileRef = 5A61EAC819EA58E200CC7A69 /* INMotherChatTableViewCell.m */; };
		5A77572419EB61EA000BDFC3 /* CoreGraphics.framework in Frameworks */ = {isa = PBXBuildFile; fileRef = 5A77572319EB61EA000BDFC3 /* CoreGraphics.framework */; };
		5A77572619EB6404000BDFC3 /* UIKit.framework in Frameworks */ = {isa = PBXBuildFile; fileRef = 5A77572519EB6404000BDFC3 /* UIKit.framework */; };
		5A77572819EB640B000BDFC3 /* Foundation.framework in Frameworks */ = {isa = PBXBuildFile; fileRef = 5A77572719EB640B000BDFC3 /* Foundation.framework */; };
		5A77573619EB6662000BDFC3 /* CoreFoundation.framework in Frameworks */ = {isa = PBXBuildFile; fileRef = 5A77573519EB6662000BDFC3 /* CoreFoundation.framework */; };
		5A97DE4E19EB8696007FF8DE /* TGRImageViewController.m in Sources */ = {isa = PBXBuildFile; fileRef = 5A97DE4819EB8696007FF8DE /* TGRImageViewController.m */; };
		5A97DE4F19EB8696007FF8DE /* TGRImageViewController.xib in Resources */ = {isa = PBXBuildFile; fileRef = 5A97DE4919EB8696007FF8DE /* TGRImageViewController.xib */; };
		5A97DE5019EB8696007FF8DE /* TGRImageZoomAnimationController.m in Sources */ = {isa = PBXBuildFile; fileRef = 5A97DE4B19EB8696007FF8DE /* TGRImageZoomAnimationController.m */; };
		5A97DE5119EB8696007FF8DE /* UIImage+AspectFit.m in Sources */ = {isa = PBXBuildFile; fileRef = 5A97DE4D19EB8696007FF8DE /* UIImage+AspectFit.m */; };
		5ABC3AB419EB6DDC00D00986 /* INChatObject.m in Sources */ = {isa = PBXBuildFile; fileRef = 5ABC3AB319EB6DDC00D00986 /* INChatObject.m */; };
		6D2199BC19EC5BBE00B95FC9 /* NSNumber+Orientation.m in Sources */ = {isa = PBXBuildFile; fileRef = 6D2199BB19EC5BBE00B95FC9 /* NSNumber+Orientation.m */; };
		6DE2971419E85ADF0042FC21 /* DAKeyboardControl.m in Sources */ = {isa = PBXBuildFile; fileRef = 6DE2971319E85ADF0042FC21 /* DAKeyboardControl.m */; };
		6DE2971719E880520042FC21 /* INUserViewTableViewCell.m in Sources */ = {isa = PBXBuildFile; fileRef = 6DE2971619E880520042FC21 /* INUserViewTableViewCell.m */; };
		6DE2971A19E88B750042FC21 /* INRecipientImageTableViewCell.m in Sources */ = {isa = PBXBuildFile; fileRef = 6DE2971919E88B750042FC21 /* INRecipientImageTableViewCell.m */; };
		6DE2971D19E88E680042FC21 /* INChatMessageTableViewCell.m in Sources */ = {isa = PBXBuildFile; fileRef = 6DE2971C19E88E680042FC21 /* INChatMessageTableViewCell.m */; };
/* End PBXBuildFile section */

/* Begin PBXContainerItemProxy section */
		5A61EAA819E774A500CC7A69 /* PBXContainerItemProxy */ = {
			isa = PBXContainerItemProxy;
			containerPortal = 5A61EA8619E774A500CC7A69 /* Project object */;
			proxyType = 1;
			remoteGlobalIDString = 5A61EA8D19E774A500CC7A69;
			remoteInfo = "Keyboard-Test";
		};
/* End PBXContainerItemProxy section */

/* Begin PBXFileReference section */
		5A56567C19EACB6A00C98DB3 /* TTTAttributedLabel.h */ = {isa = PBXFileReference; fileEncoding = 4; lastKnownFileType = sourcecode.c.h; path = TTTAttributedLabel.h; sourceTree = "<group>"; };
		5A56567D19EACB6A00C98DB3 /* TTTAttributedLabel.m */ = {isa = PBXFileReference; fileEncoding = 4; lastKnownFileType = sourcecode.c.objc; path = TTTAttributedLabel.m; sourceTree = "<group>"; };
		5A56568019EAD0F100C98DB3 /* MCSwipeTableViewCell.h */ = {isa = PBXFileReference; fileEncoding = 4; lastKnownFileType = sourcecode.c.h; path = MCSwipeTableViewCell.h; sourceTree = "<group>"; };
		5A56568119EAD0F100C98DB3 /* MCSwipeTableViewCell.m */ = {isa = PBXFileReference; fileEncoding = 4; lastKnownFileType = sourcecode.c.objc; path = MCSwipeTableViewCell.m; sourceTree = "<group>"; };
		5A56568419EAF65900C98DB3 /* DACircularProgressView.h */ = {isa = PBXFileReference; fileEncoding = 4; lastKnownFileType = sourcecode.c.h; path = DACircularProgressView.h; sourceTree = "<group>"; };
		5A56568519EAF65900C98DB3 /* DACircularProgressView.m */ = {isa = PBXFileReference; fileEncoding = 4; lastKnownFileType = sourcecode.c.objc; path = DACircularProgressView.m; sourceTree = "<group>"; };
		5A56568619EAF65900C98DB3 /* DALabeledCircularProgressView.h */ = {isa = PBXFileReference; fileEncoding = 4; lastKnownFileType = sourcecode.c.h; path = DALabeledCircularProgressView.h; sourceTree = "<group>"; };
		5A56568719EAF65900C98DB3 /* DALabeledCircularProgressView.m */ = {isa = PBXFileReference; fileEncoding = 4; lastKnownFileType = sourcecode.c.objc; path = DALabeledCircularProgressView.m; sourceTree = "<group>"; };
		5A61EA8E19E774A500CC7A69 /* Keyboard-Test.app */ = {isa = PBXFileReference; explicitFileType = wrapper.application; includeInIndex = 0; path = "Keyboard-Test.app"; sourceTree = BUILT_PRODUCTS_DIR; };
		5A61EA9219E774A500CC7A69 /* Info.plist */ = {isa = PBXFileReference; lastKnownFileType = text.plist.xml; path = Info.plist; sourceTree = "<group>"; };
		5A61EA9319E774A500CC7A69 /* main.m */ = {isa = PBXFileReference; lastKnownFileType = sourcecode.c.objc; path = main.m; sourceTree = "<group>"; };
		5A61EA9519E774A500CC7A69 /* AppDelegate.h */ = {isa = PBXFileReference; lastKnownFileType = sourcecode.c.h; path = AppDelegate.h; sourceTree = "<group>"; };
		5A61EA9619E774A500CC7A69 /* AppDelegate.m */ = {isa = PBXFileReference; lastKnownFileType = sourcecode.c.objc; path = AppDelegate.m; sourceTree = "<group>"; };
		5A61EA9819E774A500CC7A69 /* ViewController.h */ = {isa = PBXFileReference; lastKnownFileType = sourcecode.c.h; path = ViewController.h; sourceTree = "<group>"; };
		5A61EA9919E774A500CC7A69 /* ViewController.m */ = {isa = PBXFileReference; lastKnownFileType = sourcecode.c.objc; path = ViewController.m; sourceTree = "<group>"; };
		5A61EA9C19E774A500CC7A69 /* Base */ = {isa = PBXFileReference; lastKnownFileType = file.storyboard; name = Base; path = Base.lproj/Main.storyboard; sourceTree = "<group>"; };
		5A61EA9E19E774A500CC7A69 /* Images.xcassets */ = {isa = PBXFileReference; lastKnownFileType = folder.assetcatalog; path = Images.xcassets; sourceTree = "<group>"; };
		5A61EAA119E774A500CC7A69 /* Base */ = {isa = PBXFileReference; lastKnownFileType = file.xib; name = Base; path = Base.lproj/LaunchScreen.xib; sourceTree = "<group>"; };
		5A61EAA719E774A500CC7A69 /* Keyboard-TestTests.xctest */ = {isa = PBXFileReference; explicitFileType = wrapper.cfbundle; includeInIndex = 0; path = "Keyboard-TestTests.xctest"; sourceTree = BUILT_PRODUCTS_DIR; };
		5A61EAAC19E774A500CC7A69 /* Info.plist */ = {isa = PBXFileReference; lastKnownFileType = text.plist.xml; path = Info.plist; sourceTree = "<group>"; };
		5A61EAAD19E774A500CC7A69 /* Keyboard_TestTests.m */ = {isa = PBXFileReference; lastKnownFileType = sourcecode.c.objc; path = Keyboard_TestTests.m; sourceTree = "<group>"; };
		5A61EAB719E7770D00CC7A69 /* KBInteractiveTextView.h */ = {isa = PBXFileReference; fileEncoding = 4; lastKnownFileType = sourcecode.c.h; path = KBInteractiveTextView.h; sourceTree = "<group>"; };
		5A61EAB819E7770D00CC7A69 /* KBInteractiveTextView.m */ = {isa = PBXFileReference; fileEncoding = 4; lastKnownFileType = sourcecode.c.objc; path = KBInteractiveTextView.m; sourceTree = "<group>"; };
		5A61EABA19E8E8DB00CC7A69 /* INChatImageTableViewCell.h */ = {isa = PBXFileReference; fileEncoding = 4; lastKnownFileType = sourcecode.c.h; path = INChatImageTableViewCell.h; sourceTree = "<group>"; };
		5A61EABB19E8E8DB00CC7A69 /* INChatImageTableViewCell.m */ = {isa = PBXFileReference; fileEncoding = 4; lastKnownFileType = sourcecode.c.objc; path = INChatImageTableViewCell.m; sourceTree = "<group>"; };
		5A61EABD19E9FCC800CC7A69 /* AVKit.framework */ = {isa = PBXFileReference; lastKnownFileType = wrapper.framework; name = AVKit.framework; path = System/Library/Frameworks/AVKit.framework; sourceTree = SDKROOT; };
		5A61EABF19EA40DF00CC7A69 /* MediaPlayer.framework */ = {isa = PBXFileReference; lastKnownFileType = wrapper.framework; name = MediaPlayer.framework; path = System/Library/Frameworks/MediaPlayer.framework; sourceTree = SDKROOT; };
		5A61EAC119EA411F00CC7A69 /* INVideoTableViewCell.h */ = {isa = PBXFileReference; fileEncoding = 4; lastKnownFileType = sourcecode.c.h; path = INVideoTableViewCell.h; sourceTree = "<group>"; };
		5A61EAC219EA411F00CC7A69 /* INVideoTableViewCell.m */ = {isa = PBXFileReference; fileEncoding = 4; lastKnownFileType = sourcecode.c.objc; path = INVideoTableViewCell.m; sourceTree = "<group>"; };
		5A61EAC519EA47C700CC7A69 /* beach.mp4 */ = {isa = PBXFileReference; lastKnownFileType = file; path = beach.mp4; sourceTree = "<group>"; };
		5A61EAC719EA58E200CC7A69 /* INMotherChatTableViewCell.h */ = {isa = PBXFileReference; fileEncoding = 4; lastKnownFileType = sourcecode.c.h; path = INMotherChatTableViewCell.h; sourceTree = "<group>"; };
		5A61EAC819EA58E200CC7A69 /* INMotherChatTableViewCell.m */ = {isa = PBXFileReference; fileEncoding = 4; lastKnownFileType = sourcecode.c.objc; path = INMotherChatTableViewCell.m; sourceTree = "<group>"; };
		5A77572319EB61EA000BDFC3 /* CoreGraphics.framework */ = {isa = PBXFileReference; lastKnownFileType = wrapper.framework; name = CoreGraphics.framework; path = System/Library/Frameworks/CoreGraphics.framework; sourceTree = SDKROOT; };
		5A77572519EB6404000BDFC3 /* UIKit.framework */ = {isa = PBXFileReference; lastKnownFileType = wrapper.framework; name = UIKit.framework; path = System/Library/Frameworks/UIKit.framework; sourceTree = SDKROOT; };
		5A77572719EB640B000BDFC3 /* Foundation.framework */ = {isa = PBXFileReference; lastKnownFileType = wrapper.framework; name = Foundation.framework; path = System/Library/Frameworks/Foundation.framework; sourceTree = SDKROOT; };
		5A77573519EB6662000BDFC3 /* CoreFoundation.framework */ = {isa = PBXFileReference; lastKnownFileType = wrapper.framework; name = CoreFoundation.framework; path = System/Library/Frameworks/CoreFoundation.framework; sourceTree = SDKROOT; };
		5A97DE4719EB8696007FF8DE /* TGRImageViewController.h */ = {isa = PBXFileReference; fileEncoding = 4; lastKnownFileType = sourcecode.c.h; path = TGRImageViewController.h; sourceTree = "<group>"; };
		5A97DE4819EB8696007FF8DE /* TGRImageViewController.m */ = {isa = PBXFileReference; fileEncoding = 4; lastKnownFileType = sourcecode.c.objc; path = TGRImageViewController.m; sourceTree = "<group>"; };
		5A97DE4919EB8696007FF8DE /* TGRImageViewController.xib */ = {isa = PBXFileReference; fileEncoding = 4; lastKnownFileType = file.xib; path = TGRImageViewController.xib; sourceTree = "<group>"; };
		5A97DE4A19EB8696007FF8DE /* TGRImageZoomAnimationController.h */ = {isa = PBXFileReference; fileEncoding = 4; lastKnownFileType = sourcecode.c.h; path = TGRImageZoomAnimationController.h; sourceTree = "<group>"; };
		5A97DE4B19EB8696007FF8DE /* TGRImageZoomAnimationController.m */ = {isa = PBXFileReference; fileEncoding = 4; lastKnownFileType = sourcecode.c.objc; path = TGRImageZoomAnimationController.m; sourceTree = "<group>"; };
		5A97DE4C19EB8696007FF8DE /* UIImage+AspectFit.h */ = {isa = PBXFileReference; fileEncoding = 4; lastKnownFileType = sourcecode.c.h; path = "UIImage+AspectFit.h"; sourceTree = "<group>"; };
		5A97DE4D19EB8696007FF8DE /* UIImage+AspectFit.m */ = {isa = PBXFileReference; fileEncoding = 4; lastKnownFileType = sourcecode.c.objc; path = "UIImage+AspectFit.m"; sourceTree = "<group>"; };
		5ABC3AB219EB6DDC00D00986 /* INChatObject.h */ = {isa = PBXFileReference; fileEncoding = 4; lastKnownFileType = sourcecode.c.h; path = INChatObject.h; sourceTree = "<group>"; };
		5ABC3AB319EB6DDC00D00986 /* INChatObject.m */ = {isa = PBXFileReference; fileEncoding = 4; lastKnownFileType = sourcecode.c.objc; path = INChatObject.m; sourceTree = "<group>"; };
		6D2199B919EC5B7F00B95FC9 /* xxx-Prefix.pch */ = {isa = PBXFileReference; lastKnownFileType = sourcecode.c.h; path = "xxx-Prefix.pch"; sourceTree = "<group>"; };
		6D2199BA19EC5BBE00B95FC9 /* NSNumber+Orientation.h */ = {isa = PBXFileReference; fileEncoding = 4; lastKnownFileType = sourcecode.c.h; path = "NSNumber+Orientation.h"; sourceTree = "<group>"; };
		6D2199BB19EC5BBE00B95FC9 /* NSNumber+Orientation.m */ = {isa = PBXFileReference; fileEncoding = 4; lastKnownFileType = sourcecode.c.objc; path = "NSNumber+Orientation.m"; sourceTree = "<group>"; };
		6DE2971219E85ADF0042FC21 /* DAKeyboardControl.h */ = {isa = PBXFileReference; fileEncoding = 4; lastKnownFileType = sourcecode.c.h; path = DAKeyboardControl.h; sourceTree = "<group>"; };
		6DE2971319E85ADF0042FC21 /* DAKeyboardControl.m */ = {isa = PBXFileReference; fileEncoding = 4; lastKnownFileType = sourcecode.c.objc; path = DAKeyboardControl.m; sourceTree = "<group>"; };
		6DE2971519E880520042FC21 /* INUserViewTableViewCell.h */ = {isa = PBXFileReference; fileEncoding = 4; lastKnownFileType = sourcecode.c.h; path = INUserViewTableViewCell.h; sourceTree = "<group>"; };
		6DE2971619E880520042FC21 /* INUserViewTableViewCell.m */ = {isa = PBXFileReference; fileEncoding = 4; lastKnownFileType = sourcecode.c.objc; path = INUserViewTableViewCell.m; sourceTree = "<group>"; };
		6DE2971819E88B750042FC21 /* INRecipientImageTableViewCell.h */ = {isa = PBXFileReference; fileEncoding = 4; lastKnownFileType = sourcecode.c.h; path = INRecipientImageTableViewCell.h; sourceTree = "<group>"; };
		6DE2971919E88B750042FC21 /* INRecipientImageTableViewCell.m */ = {isa = PBXFileReference; fileEncoding = 4; lastKnownFileType = sourcecode.c.objc; path = INRecipientImageTableViewCell.m; sourceTree = "<group>"; };
		6DE2971B19E88E680042FC21 /* INChatMessageTableViewCell.h */ = {isa = PBXFileReference; fileEncoding = 4; lastKnownFileType = sourcecode.c.h; path = INChatMessageTableViewCell.h; sourceTree = "<group>"; };
		6DE2971C19E88E680042FC21 /* INChatMessageTableViewCell.m */ = {isa = PBXFileReference; fileEncoding = 4; lastKnownFileType = sourcecode.c.objc; path = INChatMessageTableViewCell.m; sourceTree = "<group>"; };
/* End PBXFileReference section */

/* Begin PBXFrameworksBuildPhase section */
		5A61EA8B19E774A500CC7A69 /* Frameworks */ = {
			isa = PBXFrameworksBuildPhase;
			buildActionMask = 2147483647;
			files = (
				5A77573619EB6662000BDFC3 /* CoreFoundation.framework in Frameworks */,
				5A77572819EB640B000BDFC3 /* Foundation.framework in Frameworks */,
				5A77572619EB6404000BDFC3 /* UIKit.framework in Frameworks */,
				5A77572419EB61EA000BDFC3 /* CoreGraphics.framework in Frameworks */,
				5A61EAC019EA40DF00CC7A69 /* MediaPlayer.framework in Frameworks */,
			);
			runOnlyForDeploymentPostprocessing = 0;
		};
		5A61EAA419E774A500CC7A69 /* Frameworks */ = {
			isa = PBXFrameworksBuildPhase;
			buildActionMask = 2147483647;
			files = (
			);
			runOnlyForDeploymentPostprocessing = 0;
		};
/* End PBXFrameworksBuildPhase section */

/* Begin PBXGroup section */
		5A56567B19EACB6A00C98DB3 /* TTTAttributedLabel */ = {
			isa = PBXGroup;
			children = (
				5A56567C19EACB6A00C98DB3 /* TTTAttributedLabel.h */,
				5A56567D19EACB6A00C98DB3 /* TTTAttributedLabel.m */,
			);
			path = TTTAttributedLabel;
			sourceTree = "<group>";
		};
		5A56567F19EAD0F100C98DB3 /* MCSwipeTableViewCell */ = {
			isa = PBXGroup;
			children = (
				5A56568019EAD0F100C98DB3 /* MCSwipeTableViewCell.h */,
				5A56568119EAD0F100C98DB3 /* MCSwipeTableViewCell.m */,
			);
			path = MCSwipeTableViewCell;
			sourceTree = "<group>";
		};
		5A56568319EAF65900C98DB3 /* DACircularProgress */ = {
			isa = PBXGroup;
			children = (
				5A56568419EAF65900C98DB3 /* DACircularProgressView.h */,
				5A56568519EAF65900C98DB3 /* DACircularProgressView.m */,
				5A56568619EAF65900C98DB3 /* DALabeledCircularProgressView.h */,
				5A56568719EAF65900C98DB3 /* DALabeledCircularProgressView.m */,
			);
			path = DACircularProgress;
			sourceTree = "<group>";
		};
		5A61EA8519E774A500CC7A69 = {
			isa = PBXGroup;
			children = (
				5A77573519EB6662000BDFC3 /* CoreFoundation.framework */,
				5A77572719EB640B000BDFC3 /* Foundation.framework */,
				5A77572519EB6404000BDFC3 /* UIKit.framework */,
				5A77572319EB61EA000BDFC3 /* CoreGraphics.framework */,
				5A61EABF19EA40DF00CC7A69 /* MediaPlayer.framework */,
				5A61EABD19E9FCC800CC7A69 /* AVKit.framework */,
				5A61EA9019E774A500CC7A69 /* Keyboard-Test */,
				5A61EAAA19E774A500CC7A69 /* Keyboard-TestTests */,
				5A61EA8F19E774A500CC7A69 /* Products */,
			);
			sourceTree = "<group>";
		};
		5A61EA8F19E774A500CC7A69 /* Products */ = {
			isa = PBXGroup;
			children = (
				5A61EA8E19E774A500CC7A69 /* Keyboard-Test.app */,
				5A61EAA719E774A500CC7A69 /* Keyboard-TestTests.xctest */,
			);
			name = Products;
			sourceTree = "<group>";
		};
		5A61EA9019E774A500CC7A69 /* Keyboard-Test */ = {
			isa = PBXGroup;
			children = (
				5A97DE4619EB8696007FF8DE /* Vertigo */,
				5A56568319EAF65900C98DB3 /* DACircularProgress */,
				5A56567F19EAD0F100C98DB3 /* MCSwipeTableViewCell */,
				5A56567B19EACB6A00C98DB3 /* TTTAttributedLabel */,
				5A61EAC519EA47C700CC7A69 /* beach.mp4 */,
				6DE2971119E85ADF0042FC21 /* DAKeyboardControl */,
				5A61EA9519E774A500CC7A69 /* AppDelegate.h */,
				5A61EA9619E774A500CC7A69 /* AppDelegate.m */,
				5A61EA9819E774A500CC7A69 /* ViewController.h */,
				5A61EA9919E774A500CC7A69 /* ViewController.m */,
				5A61EAB719E7770D00CC7A69 /* KBInteractiveTextView.h */,
				5A61EAB819E7770D00CC7A69 /* KBInteractiveTextView.m */,
				5A61EAC719EA58E200CC7A69 /* INMotherChatTableViewCell.h */,
				5A61EAC819EA58E200CC7A69 /* INMotherChatTableViewCell.m */,
				6DE2971519E880520042FC21 /* INUserViewTableViewCell.h */,
				6DE2971619E880520042FC21 /* INUserViewTableViewCell.m */,
				6DE2971819E88B750042FC21 /* INRecipientImageTableViewCell.h */,
				6DE2971919E88B750042FC21 /* INRecipientImageTableViewCell.m */,
				6DE2971B19E88E680042FC21 /* INChatMessageTableViewCell.h */,
				6DE2971C19E88E680042FC21 /* INChatMessageTableViewCell.m */,
				5A61EABA19E8E8DB00CC7A69 /* INChatImageTableViewCell.h */,
				5A61EABB19E8E8DB00CC7A69 /* INChatImageTableViewCell.m */,
				5A61EAC119EA411F00CC7A69 /* INVideoTableViewCell.h */,
				5A61EAC219EA411F00CC7A69 /* INVideoTableViewCell.m */,
				5ABC3AB219EB6DDC00D00986 /* INChatObject.h */,
				5ABC3AB319EB6DDC00D00986 /* INChatObject.m */,
				5A61EA9B19E774A500CC7A69 /* Main.storyboard */,
				5A61EA9E19E774A500CC7A69 /* Images.xcassets */,
				5A61EAA019E774A500CC7A69 /* LaunchScreen.xib */,
				5A61EA9119E774A500CC7A69 /* Supporting Files */,
				6D2199BA19EC5BBE00B95FC9 /* NSNumber+Orientation.h */,
				6D2199BB19EC5BBE00B95FC9 /* NSNumber+Orientation.m */,
			);
			path = "Keyboard-Test";
			sourceTree = "<group>";
		};
		5A61EA9119E774A500CC7A69 /* Supporting Files */ = {
			isa = PBXGroup;
			children = (
				5A61EA9219E774A500CC7A69 /* Info.plist */,
				5A61EA9319E774A500CC7A69 /* main.m */,
				6D2199B919EC5B7F00B95FC9 /* xxx-Prefix.pch */,
			);
			name = "Supporting Files";
			sourceTree = "<group>";
		};
		5A61EAAA19E774A500CC7A69 /* Keyboard-TestTests */ = {
			isa = PBXGroup;
			children = (
				5A61EAAD19E774A500CC7A69 /* Keyboard_TestTests.m */,
				5A61EAAB19E774A500CC7A69 /* Supporting Files */,
			);
			path = "Keyboard-TestTests";
			sourceTree = "<group>";
		};
		5A61EAAB19E774A500CC7A69 /* Supporting Files */ = {
			isa = PBXGroup;
			children = (
				5A61EAAC19E774A500CC7A69 /* Info.plist */,
			);
			name = "Supporting Files";
			sourceTree = "<group>";
		};
		5A97DE4619EB8696007FF8DE /* Vertigo */ = {
			isa = PBXGroup;
			children = (
				5A97DE4719EB8696007FF8DE /* TGRImageViewController.h */,
				5A97DE4819EB8696007FF8DE /* TGRImageViewController.m */,
				5A97DE4919EB8696007FF8DE /* TGRImageViewController.xib */,
				5A97DE4A19EB8696007FF8DE /* TGRImageZoomAnimationController.h */,
				5A97DE4B19EB8696007FF8DE /* TGRImageZoomAnimationController.m */,
				5A97DE4C19EB8696007FF8DE /* UIImage+AspectFit.h */,
				5A97DE4D19EB8696007FF8DE /* UIImage+AspectFit.m */,
			);
			path = Vertigo;
			sourceTree = "<group>";
		};
		6DE2971119E85ADF0042FC21 /* DAKeyboardControl */ = {
			isa = PBXGroup;
			children = (
				6DE2971219E85ADF0042FC21 /* DAKeyboardControl.h */,
				6DE2971319E85ADF0042FC21 /* DAKeyboardControl.m */,
			);
			path = DAKeyboardControl;
			sourceTree = "<group>";
		};
/* End PBXGroup section */

/* Begin PBXNativeTarget section */
		5A61EA8D19E774A500CC7A69 /* Keyboard-Test */ = {
			isa = PBXNativeTarget;
			buildConfigurationList = 5A61EAB119E774A500CC7A69 /* Build configuration list for PBXNativeTarget "Keyboard-Test" */;
			buildPhases = (
				5A61EA8A19E774A500CC7A69 /* Sources */,
				5A61EA8B19E774A500CC7A69 /* Frameworks */,
				5A61EA8C19E774A500CC7A69 /* Resources */,
			);
			buildRules = (
			);
			dependencies = (
			);
			name = "Keyboard-Test";
			productName = "Keyboard-Test";
			productReference = 5A61EA8E19E774A500CC7A69 /* Keyboard-Test.app */;
			productType = "com.apple.product-type.application";
		};
		5A61EAA619E774A500CC7A69 /* Keyboard-TestTests */ = {
			isa = PBXNativeTarget;
			buildConfigurationList = 5A61EAB419E774A500CC7A69 /* Build configuration list for PBXNativeTarget "Keyboard-TestTests" */;
			buildPhases = (
				5A61EAA319E774A500CC7A69 /* Sources */,
				5A61EAA419E774A500CC7A69 /* Frameworks */,
				5A61EAA519E774A500CC7A69 /* Resources */,
			);
			buildRules = (
			);
			dependencies = (
				5A61EAA919E774A500CC7A69 /* PBXTargetDependency */,
			);
			name = "Keyboard-TestTests";
			productName = "Keyboard-TestTests";
			productReference = 5A61EAA719E774A500CC7A69 /* Keyboard-TestTests.xctest */;
			productType = "com.apple.product-type.bundle.unit-test";
		};
/* End PBXNativeTarget section */

/* Begin PBXProject section */
		5A61EA8619E774A500CC7A69 /* Project object */ = {
			isa = PBXProject;
			attributes = {
				LastUpgradeCheck = 0600;
				ORGANIZATIONNAME = "Bob Law";
				TargetAttributes = {
					5A61EA8D19E774A500CC7A69 = {
						CreatedOnToolsVersion = 6.0;
						DevelopmentTeam = 28CDE4D38N;
					};
					5A61EAA619E774A500CC7A69 = {
						CreatedOnToolsVersion = 6.0;
						TestTargetID = 5A61EA8D19E774A500CC7A69;
					};
				};
			};
			buildConfigurationList = 5A61EA8919E774A500CC7A69 /* Build configuration list for PBXProject "Keyboard-Test" */;
			compatibilityVersion = "Xcode 3.2";
			developmentRegion = English;
			hasScannedForEncodings = 0;
			knownRegions = (
				en,
				Base,
			);
			mainGroup = 5A61EA8519E774A500CC7A69;
			productRefGroup = 5A61EA8F19E774A500CC7A69 /* Products */;
			projectDirPath = "";
			projectRoot = "";
			targets = (
				5A61EA8D19E774A500CC7A69 /* Keyboard-Test */,
				5A61EAA619E774A500CC7A69 /* Keyboard-TestTests */,
			);
		};
/* End PBXProject section */

/* Begin PBXResourcesBuildPhase section */
		5A61EA8C19E774A500CC7A69 /* Resources */ = {
			isa = PBXResourcesBuildPhase;
			buildActionMask = 2147483647;
			files = (
				5A97DE4F19EB8696007FF8DE /* TGRImageViewController.xib in Resources */,
				5A61EA9D19E774A500CC7A69 /* Main.storyboard in Resources */,
				5A61EAA219E774A500CC7A69 /* LaunchScreen.xib in Resources */,
				5A61EA9F19E774A500CC7A69 /* Images.xcassets in Resources */,
				5A61EAC619EA47C700CC7A69 /* beach.mp4 in Resources */,
			);
			runOnlyForDeploymentPostprocessing = 0;
		};
		5A61EAA519E774A500CC7A69 /* Resources */ = {
			isa = PBXResourcesBuildPhase;
			buildActionMask = 2147483647;
			files = (
			);
			runOnlyForDeploymentPostprocessing = 0;
		};
/* End PBXResourcesBuildPhase section */

/* Begin PBXSourcesBuildPhase section */
		5A61EA8A19E774A500CC7A69 /* Sources */ = {
			isa = PBXSourcesBuildPhase;
			buildActionMask = 2147483647;
			files = (
				5A61EA9A19E774A500CC7A69 /* ViewController.m in Sources */,
				5A56568219EAD0F100C98DB3 /* MCSwipeTableViewCell.m in Sources */,
				6DE2971A19E88B750042FC21 /* INRecipientImageTableViewCell.m in Sources */,
				5A61EAC319EA411F00CC7A69 /* INVideoTableViewCell.m in Sources */,
				5A56568919EAF65900C98DB3 /* DALabeledCircularProgressView.m in Sources */,
				5A97DE5019EB8696007FF8DE /* TGRImageZoomAnimationController.m in Sources */,
				6DE2971D19E88E680042FC21 /* INChatMessageTableViewCell.m in Sources */,
				5A56568819EAF65900C98DB3 /* DACircularProgressView.m in Sources */,
				5ABC3AB419EB6DDC00D00986 /* INChatObject.m in Sources */,
				5A61EAC919EA58E200CC7A69 /* INMotherChatTableViewCell.m in Sources */,
				6D2199BC19EC5BBE00B95FC9 /* NSNumber+Orientation.m in Sources */,
				6DE2971719E880520042FC21 /* INUserViewTableViewCell.m in Sources */,
				5A61EAB919E7770D00CC7A69 /* KBInteractiveTextView.m in Sources */,
				5A97DE4E19EB8696007FF8DE /* TGRImageViewController.m in Sources */,
				6DE2971419E85ADF0042FC21 /* DAKeyboardControl.m in Sources */,
				5A61EA9719E774A500CC7A69 /* AppDelegate.m in Sources */,
				5A61EA9419E774A500CC7A69 /* main.m in Sources */,
				5A61EABC19E8E8DB00CC7A69 /* INChatImageTableViewCell.m in Sources */,
				5A56567E19EACB6A00C98DB3 /* TTTAttributedLabel.m in Sources */,
				5A97DE5119EB8696007FF8DE /* UIImage+AspectFit.m in Sources */,
			);
			runOnlyForDeploymentPostprocessing = 0;
		};
		5A61EAA319E774A500CC7A69 /* Sources */ = {
			isa = PBXSourcesBuildPhase;
			buildActionMask = 2147483647;
			files = (
				5A61EAAE19E774A500CC7A69 /* Keyboard_TestTests.m in Sources */,
			);
			runOnlyForDeploymentPostprocessing = 0;
		};
/* End PBXSourcesBuildPhase section */

/* Begin PBXTargetDependency section */
		5A61EAA919E774A500CC7A69 /* PBXTargetDependency */ = {
			isa = PBXTargetDependency;
			target = 5A61EA8D19E774A500CC7A69 /* Keyboard-Test */;
			targetProxy = 5A61EAA819E774A500CC7A69 /* PBXContainerItemProxy */;
		};
/* End PBXTargetDependency section */

/* Begin PBXVariantGroup section */
		5A61EA9B19E774A500CC7A69 /* Main.storyboard */ = {
			isa = PBXVariantGroup;
			children = (
				5A61EA9C19E774A500CC7A69 /* Base */,
			);
			name = Main.storyboard;
			sourceTree = "<group>";
		};
		5A61EAA019E774A500CC7A69 /* LaunchScreen.xib */ = {
			isa = PBXVariantGroup;
			children = (
				5A61EAA119E774A500CC7A69 /* Base */,
			);
			name = LaunchScreen.xib;
			sourceTree = "<group>";
		};
/* End PBXVariantGroup section */

/* Begin XCBuildConfiguration section */
		5A61EAAF19E774A500CC7A69 /* Debug */ = {
			isa = XCBuildConfiguration;
			buildSettings = {
				ALWAYS_SEARCH_USER_PATHS = NO;
				CLANG_CXX_LANGUAGE_STANDARD = "gnu++0x";
				CLANG_CXX_LIBRARY = "libc++";
				CLANG_ENABLE_MODULES = YES;
				CLANG_ENABLE_OBJC_ARC = YES;
				CLANG_WARN_BOOL_CONVERSION = YES;
				CLANG_WARN_CONSTANT_CONVERSION = YES;
				CLANG_WARN_DIRECT_OBJC_ISA_USAGE = YES_ERROR;
				CLANG_WARN_EMPTY_BODY = YES;
				CLANG_WARN_ENUM_CONVERSION = YES;
				CLANG_WARN_INT_CONVERSION = YES;
				CLANG_WARN_OBJC_ROOT_CLASS = YES_ERROR;
				CLANG_WARN_UNREACHABLE_CODE = YES;
				CLANG_WARN__DUPLICATE_METHOD_MATCH = YES;
				"CODE_SIGN_IDENTITY[sdk=iphoneos*]" = "iPhone Developer";
				COPY_PHASE_STRIP = NO;
				ENABLE_STRICT_OBJC_MSGSEND = YES;
				GCC_C_LANGUAGE_STANDARD = gnu99;
				GCC_DYNAMIC_NO_PIC = NO;
				GCC_OPTIMIZATION_LEVEL = 0;
				GCC_PREPROCESSOR_DEFINITIONS = (
					"DEBUG=1",
					"$(inherited)",
				);
				GCC_SYMBOLS_PRIVATE_EXTERN = NO;
				GCC_WARN_64_TO_32_BIT_CONVERSION = YES;
				GCC_WARN_ABOUT_RETURN_TYPE = YES_ERROR;
				GCC_WARN_UNDECLARED_SELECTOR = YES;
				GCC_WARN_UNINITIALIZED_AUTOS = YES_AGGRESSIVE;
				GCC_WARN_UNUSED_FUNCTION = YES;
				GCC_WARN_UNUSED_VARIABLE = YES;
				IPHONEOS_DEPLOYMENT_TARGET = 8.0;
				MTL_ENABLE_DEBUG_INFO = YES;
				ONLY_ACTIVE_ARCH = YES;
				SDKROOT = iphoneos;
			};
			name = Debug;
		};
		5A61EAB019E774A500CC7A69 /* Release */ = {
			isa = XCBuildConfiguration;
			buildSettings = {
				ALWAYS_SEARCH_USER_PATHS = NO;
				CLANG_CXX_LANGUAGE_STANDARD = "gnu++0x";
				CLANG_CXX_LIBRARY = "libc++";
				CLANG_ENABLE_MODULES = YES;
				CLANG_ENABLE_OBJC_ARC = YES;
				CLANG_WARN_BOOL_CONVERSION = YES;
				CLANG_WARN_CONSTANT_CONVERSION = YES;
				CLANG_WARN_DIRECT_OBJC_ISA_USAGE = YES_ERROR;
				CLANG_WARN_EMPTY_BODY = YES;
				CLANG_WARN_ENUM_CONVERSION = YES;
				CLANG_WARN_INT_CONVERSION = YES;
				CLANG_WARN_OBJC_ROOT_CLASS = YES_ERROR;
				CLANG_WARN_UNREACHABLE_CODE = YES;
				CLANG_WARN__DUPLICATE_METHOD_MATCH = YES;
				"CODE_SIGN_IDENTITY[sdk=iphoneos*]" = "iPhone Developer";
				COPY_PHASE_STRIP = YES;
				ENABLE_NS_ASSERTIONS = NO;
				ENABLE_STRICT_OBJC_MSGSEND = YES;
				GCC_C_LANGUAGE_STANDARD = gnu99;
				GCC_WARN_64_TO_32_BIT_CONVERSION = YES;
				GCC_WARN_ABOUT_RETURN_TYPE = YES_ERROR;
				GCC_WARN_UNDECLARED_SELECTOR = YES;
				GCC_WARN_UNINITIALIZED_AUTOS = YES_AGGRESSIVE;
				GCC_WARN_UNUSED_FUNCTION = YES;
				GCC_WARN_UNUSED_VARIABLE = YES;
				IPHONEOS_DEPLOYMENT_TARGET = 8.0;
				MTL_ENABLE_DEBUG_INFO = NO;
				SDKROOT = iphoneos;
				VALIDATE_PRODUCT = YES;
			};
			name = Release;
		};
		5A61EAB219E774A500CC7A69 /* Debug */ = {
			isa = XCBuildConfiguration;
			buildSettings = {
				ASSETCATALOG_COMPILER_APPICON_NAME = AppIcon;
				ASSETCATALOG_COMPILER_LAUNCHIMAGE_NAME = LaunchImage;
				CODE_SIGN_IDENTITY = "iPhone Developer";
				INFOPLIST_FILE = "Keyboard-Test/Info.plist";
				IPHONEOS_DEPLOYMENT_TARGET = 8.0;
				LD_RUNPATH_SEARCH_PATHS = "$(inherited) @executable_path/Frameworks";
				PRODUCT_NAME = "$(TARGET_NAME)";
			};
			name = Debug;
		};
		5A61EAB319E774A500CC7A69 /* Release */ = {
			isa = XCBuildConfiguration;
			buildSettings = {
				ASSETCATALOG_COMPILER_APPICON_NAME = AppIcon;
				ASSETCATALOG_COMPILER_LAUNCHIMAGE_NAME = LaunchImage;
				CODE_SIGN_IDENTITY = "iPhone Developer";
				INFOPLIST_FILE = "Keyboard-Test/Info.plist";
				IPHONEOS_DEPLOYMENT_TARGET = 8.0;
				LD_RUNPATH_SEARCH_PATHS = "$(inherited) @executable_path/Frameworks";
				PRODUCT_NAME = "$(TARGET_NAME)";
			};
			name = Release;
		};
		5A61EAB519E774A500CC7A69 /* Debug */ = {
			isa = XCBuildConfiguration;
			buildSettings = {
				BUNDLE_LOADER = "$(TEST_HOST)";
				FRAMEWORK_SEARCH_PATHS = (
					"$(SDKROOT)/Developer/Library/Frameworks",
					"$(inherited)",
				);
				GCC_PREPROCESSOR_DEFINITIONS = (
					"DEBUG=1",
					"$(inherited)",
				);
				INFOPLIST_FILE = "Keyboard-TestTests/Info.plist";
				LD_RUNPATH_SEARCH_PATHS = "$(inherited) @executable_path/Frameworks @loader_path/Frameworks";
				PRODUCT_NAME = "$(TARGET_NAME)";
				TEST_HOST = "$(BUILT_PRODUCTS_DIR)/Keyboard-Test.app/Keyboard-Test";
			};
			name = Debug;
		};
		5A61EAB619E774A500CC7A69 /* Release */ = {
			isa = XCBuildConfiguration;
			buildSettings = {
				BUNDLE_LOADER = "$(TEST_HOST)";
				FRAMEWORK_SEARCH_PATHS = (
					"$(SDKROOT)/Developer/Library/Frameworks",
					"$(inherited)",
				);
				INFOPLIST_FILE = "Keyboard-TestTests/Info.plist";
				LD_RUNPATH_SEARCH_PATHS = "$(inherited) @executable_path/Frameworks @loader_path/Frameworks";
				PRODUCT_NAME = "$(TARGET_NAME)";
				TEST_HOST = "$(BUILT_PRODUCTS_DIR)/Keyboard-Test.app/Keyboard-Test";
			};
			name = Release;
		};
/* End XCBuildConfiguration section */

/* Begin XCConfigurationList section */
		5A61EA8919E774A500CC7A69 /* Build configuration list for PBXProject "Keyboard-Test" */ = {
			isa = XCConfigurationList;
			buildConfigurations = (
				5A61EAAF19E774A500CC7A69 /* Debug */,
				5A61EAB019E774A500CC7A69 /* Release */,
			);
			defaultConfigurationIsVisible = 0;
			defaultConfigurationName = Release;
		};
		5A61EAB119E774A500CC7A69 /* Build configuration list for PBXNativeTarget "Keyboard-Test" */ = {
			isa = XCConfigurationList;
			buildConfigurations = (
				5A61EAB219E774A500CC7A69 /* Debug */,
				5A61EAB319E774A500CC7A69 /* Release */,
			);
			defaultConfigurationIsVisible = 0;
			defaultConfigurationName = Release;
		};
		5A61EAB419E774A500CC7A69 /* Build configuration list for PBXNativeTarget "Keyboard-TestTests" */ = {
			isa = XCConfigurationList;
			buildConfigurations = (
				5A61EAB519E774A500CC7A69 /* Debug */,
				5A61EAB619E774A500CC7A69 /* Release */,
			);
			defaultConfigurationIsVisible = 0;
			defaultConfigurationName = Release;
		};
/* End XCConfigurationList section */
	};
	rootObject = 5A61EA8619E774A500CC7A69 /* Project object */;
}
